# The first-party plugins: the curated list chimaera embeds (the daemon
# carries no plugin bytes). Each lives in its own repository and publishes a
# release per version (tag v<version>: plugin.wasm, plugin.toml, SHA256SUMS).
# For every [[plugin]] here the Extensions tab lists the plugin (`name`,
# `summary`) with an Install button, and Install (or
# `chimaera plugin add <id>`) fetches
#   https://github.com/<repo>/releases/download/v<version>/{SHA256SUMS,plugin.toml,plugin.wasm}
# into ~/.chimaera/plugins/<id>/<version>/, refusing any file whose sha256
# is not the one below (the release's SHA256SUMS) — so the card can say the
# copy is exactly the release chimaera pins. scripts/build-plugins.sh
# downloads the same releases into plugins/dist-test for the daemon's tests.
#
# A first-party bump is a reviewed change to this file: the new version and
# the two sha256s from that release's SHA256SUMS (and `name` / `summary`
# when the plugin's own changed). To run a local build of a plugin against
# the daemon: `chimaera plugin add --path <dir>` (see plugins/AGENTS.md).

[[plugin]]
id = "agent-notes"
name = "Agent notes"
summary = "Agents leave short notes for each other and for the Mastermind."
version = "0.1.2"
repo = "martinappberg/chimaera-plugin-agent-notes"
sha256_wasm = "a7c9d6c597466e22a378e63b730d6729e988aaa773c03c69b1306c17cb716b95"
sha256_toml = "999306cae2d9dc7b4f60d0ba7cecadc33317367e554709d0334f3cb9d444c68b"

[[plugin]]
id = "mycelium"
name = "Mycelium"
summary = "Project memory your agents record as they work — findings, decisions, learnings."
version = "0.1.2"
repo = "martinappberg/chimaera-plugin-mycelium"
sha256_wasm = "a1fd4ab8b6b0144a40b7337a7ac0cf22df92edb94edcbe755e50362c27896aa2"
sha256_toml = "578d21a436e18aa966c9e2b992fd7cfa31f6b43e2f54f856e4256292b66d89ac"
