# The first-party plugins: the curated list chimaera embeds (the daemon
# carries no plugin bytes). Each lives in its own repository and publishes a
# release per version (tag v<version>: plugin.wasm, plugin.toml, SHA256SUMS).
# For every [[plugin]] here the Extensions tab lists the plugin (`name`,
# `summary`) with an Install button, and Install (or
# `chimaera plugin add <id>`) fetches
#   https://github.com/<repo>/releases/download/v<version>/{SHA256SUMS,plugin.toml,plugin.wasm}
# into ~/.chimaera/plugins/<id>/<version>/, refusing any file whose sha256
# is not the one below (the release's SHA256SUMS) — so the card can say the
# copy is exactly the release chimaera pins. scripts/build-plugins.sh
# downloads the same releases into plugins/dist-test for the daemon's tests.
#
# A first-party bump is automatic: .github/workflows/plugin-lock.yml checks
# each repository's latest release hourly (SHA256SUMS against the downloaded
# bytes; the manifest's id, version and [release] github against this file),
# rewrites the entry — version, the two sha256s, and `name` / `summary` from
# the release's plugin.toml — and opens a `fix:` PR with auto-merge, which
# CI (these same releases, downloaded and installed) gates. Hand edits
# follow the same rules; keep every value a one-line "string". To run a local build of a plugin against
# the daemon: `chimaera plugin add --path <dir>` (see plugins/AGENTS.md).

[[plugin]]
id = "agent-notes"
name = "Agent notes"
summary = "Agents leave short notes for each other and for the Mastermind."
version = "0.1.3"
repo = "martinappberg/chimaera-plugin-agent-notes"
sha256_wasm = "a7c9d6c597466e22a378e63b730d6729e988aaa773c03c69b1306c17cb716b95"
sha256_toml = "5b2927512aa9db161aa164d2032306b2cfddb404918bc7fb1e072c65316485ec"

[[plugin]]
id = "mycelium"
name = "Mycelium"
summary = "Project memory your agents record as they work — findings, decisions, learnings."
version = "0.1.3"
repo = "martinappberg/chimaera-plugin-mycelium"
sha256_wasm = "b5c8bd3dccb75eb1976fe11c9535ee3781637a0c6beeda1c717fe47048d25f76"
sha256_toml = "c12b0eacee74ec1f917d5b6809b55db9240289144c3984f97b149a353088f9f0"
